// !$*UTF8*$!
{
	archiveVersion = 1;
	classes = {
	};
	objectVersion = 56;
	objects = {

/* Begin PBXBuildFile section */
		3658DC712BDA1C5700842A88 /* AppDelegate.swift in Sources */ = {isa = PBXBuildFile; fileRef = 3658DC702BDA1C5700842A88 /* AppDelegate.swift */; };
		3658DC732BDA1C5700842A88 /* SceneDelegate.swift in Sources */ = {isa = PBXBuildFile; fileRef = 3658DC722BDA1C5700842A88 /* SceneDelegate.swift */; };
		3658DC752BDA1C5700842A88 /* AllContactsViewController.swift in Sources */ = {isa = PBXBuildFile; fileRef = 3658DC742BDA1C5700842A88 /* AllContactsViewController.swift */; };
		3658DC782BDA1C5700842A88 /* Main.storyboard in Resources */ = {isa = PBXBuildFile; fileRef = 3658DC762BDA1C5700842A88 /* Main.storyboard */; };
		3658DC7B2BDA1C5700842A88 /* Contacts_App.xcdatamodeld in Sources */ = {isa = PBXBuildFile; fileRef = 3658DC792BDA1C5700842A88 /* Contacts_App.xcdatamodeld */; };
		3658DC7D2BDA1C5900842A88 /* Assets.xcassets in Resources */ = {isa = PBXBuildFile; fileRef = 3658DC7C2BDA1C5900842A88 /* Assets.xcassets */; };
		3658DC802BDA1C5900842A88 /* LaunchScreen.storyboard in Resources */ = {isa = PBXBuildFile; fileRef = 3658DC7E2BDA1C5900842A88 /* LaunchScreen.storyboard */; };
		3658DC882BDA28C600842A88 /* AllContactsTableViewCell.swift in Sources */ = {isa = PBXBuildFile; fileRef = 3658DC872BDA28C600842A88 /* AllContactsTableViewCell.swift */; };
		3658DC8A2BDA294200842A88 /* AddContactsViewController.swift in Sources */ = {isa = PBXBuildFile; fileRef = 3658DC892BDA294200842A88 /* AddContactsViewController.swift */; };
		3658DC8C2BDA2A3400842A88 /* ContactsTableViewCell.swift in Sources */ = {isa = PBXBuildFile; fileRef = 3658DC8B2BDA2A3400842A88 /* ContactsTableViewCell.swift */; };
/* End PBXBuildFile section */

/* Begin PBXFileReference section */
		3658DC6D2BDA1C5700842A88 /* Contacts-App.app */ = {isa = PBXFileReference; explicitFileType = wrapper.application; includeInIndex = 0; path = "Contacts-App.app"; sourceTree = BUILT_PRODUCTS_DIR; };
		3658DC702BDA1C5700842A88 /* AppDelegate.swift */ = {isa = PBXFileReference; lastKnownFileType = sourcecode.swift; path = AppDelegate.swift; sourceTree = "<group>"; };
		3658DC722BDA1C5700842A88 /* SceneDelegate.swift */ = {isa = PBXFileReference; lastKnownFileType = sourcecode.swift; path = SceneDelegate.swift; sourceTree = "<group>"; };
		3658DC742BDA1C5700842A88 /* AllContactsViewController.swift */ = {isa = PBXFileReference; lastKnownFileType = sourcecode.swift; path = AllContactsViewController.swift; sourceTree = "<group>"; };
		3658DC772BDA1C5700842A88 /* Base */ = {isa = PBXFileReference; lastKnownFileType = file.storyboard; name = Base; path = Base.lproj/Main.storyboard; sourceTree = "<group>"; };
		3658DC7A2BDA1C5700842A88 /* Contacts_App.xcdatamodel */ = {isa = PBXFileReference; lastKnownFileType = wrapper.xcdatamodel; path = Contacts_App.xcdatamodel; sourceTree = "<group>"; };
		3658DC7C2BDA1C5900842A88 /* Assets.xcassets */ = {isa = PBXFileReference; lastKnownFileType = folder.assetcatalog; path = Assets.xcassets; sourceTree = "<group>"; };
		3658DC7F2BDA1C5900842A88 /* Base */ = {isa = PBXFileReference; lastKnownFileType = file.storyboard; name = Base; path = Base.lproj/LaunchScreen.storyboard; sourceTree = "<group>"; };
		3658DC812BDA1C5900842A88 /* Info.plist */ = {isa = PBXFileReference; lastKnownFileType = text.plist.xml; path = Info.plist; sourceTree = "<group>"; };
		3658DC872BDA28C600842A88 /* AllContactsTableViewCell.swift */ = {isa = PBXFileReference; lastKnownFileType = sourcecode.swift; path = AllContactsTableViewCell.swift; sourceTree = "<group>"; };
		3658DC892BDA294200842A88 /* AddContactsViewController.swift */ = {isa = PBXFileReference; lastKnownFileType = sourcecode.swift; path = AddContactsViewController.swift; sourceTree = "<group>"; };
		3658DC8B2BDA2A3400842A88 /* ContactsTableViewCell.swift */ = {isa = PBXFileReference; lastKnownFileType = sourcecode.swift; path = ContactsTableViewCell.swift; sourceTree = "<group>"; };
/* End PBXFileReference section */

/* Begin PBXFrameworksBuildPhase section */
		3658DC6A2BDA1C5700842A88 /* Frameworks */ = {
			isa = PBXFrameworksBuildPhase;
			buildActionMask = 2147483647;
			files = (
			);
			runOnlyForDeploymentPostprocessing = 0;
		};
/* End PBXFrameworksBuildPhase section */

/* Begin PBXGroup section */
		3658DC642BDA1C5700842A88 = {
			isa = PBXGroup;
			children = (
				3658DC6F2BDA1C5700842A88 /* Contacts-App */,
				3658DC6E2BDA1C5700842A88 /* Products */,
			);
			sourceTree = "<group>";
		};
		3658DC6E2BDA1C5700842A88 /* Products */ = {
			isa = PBXGroup;
			children = (
				3658DC6D2BDA1C5700842A88 /* Contacts-App.app */,
			);
			name = Products;
			sourceTree = "<group>";
		};
		3658DC6F2BDA1C5700842A88 /* Contacts-App */ = {
			isa = PBXGroup;
			children = (
				3658DC702BDA1C5700842A88 /* AppDelegate.swift */,
				3658DC722BDA1C5700842A88 /* SceneDelegate.swift */,
				3658DC742BDA1C5700842A88 /* AllContactsViewController.swift */,
				3658DC762BDA1C5700842A88 /* Main.storyboard */,
				3658DC8B2BDA2A3400842A88 /* ContactsTableViewCell.swift */,
				3658DC872BDA28C600842A88 /* AllContactsTableViewCell.swift */,
				3658DC892BDA294200842A88 /* AddContactsViewController.swift */,
				3658DC7C2BDA1C5900842A88 /* Assets.xcassets */,
				3658DC7E2BDA1C5900842A88 /* LaunchScreen.storyboard */,
				3658DC812BDA1C5900842A88 /* Info.plist */,
				3658DC792BDA1C5700842A88 /* Contacts_App.xcdatamodeld */,
			);
			path = "Contacts-App";
			sourceTree = "<group>";
		};
/* End PBXGroup section */

/* Begin PBXNativeTarget section */
		3658DC6C2BDA1C5700842A88 /* Contacts-App */ = {
			isa = PBXNativeTarget;
			buildConfigurationList = 3658DC842BDA1C5900842A88 /* Build configuration list for PBXNativeTarget "Contacts-App" */;
			buildPhases = (
				3658DC692BDA1C5700842A88 /* Sources */,
				3658DC6A2BDA1C5700842A88 /* Frameworks */,
				3658DC6B2BDA1C5700842A88 /* Resources */,
			);
			buildRules = (
			);
			dependencies = (
			);
			name = "Contacts-App";
			productName = "Contacts-App";
			productReference = 3658DC6D2BDA1C5700842A88 /* Contacts-App.app */;
			productType = "com.apple.product-type.application";
		};
/* End PBXNativeTarget section */

/* Begin PBXProject section */
		3658DC652BDA1C5700842A88 /* Project object */ = {
			isa = PBXProject;
			attributes = {
				BuildIndependentTargetsInParallel = 1;
				LastSwiftUpdateCheck = 1430;
				LastUpgradeCheck = 1430;
				TargetAttributes = {
					3658DC6C2BDA1C5700842A88 = {
						CreatedOnToolsVersion = 14.3.1;
					};
				};
			};
			buildConfigurationList = 3658DC682BDA1C5700842A88 /* Build configuration list for PBXProject "Contacts-App" */;
			compatibilityVersion = "Xcode 14.0";
			developmentRegion = en;
			hasScannedForEncodings = 0;
			knownRegions = (
				en,
				Base,
			);
			mainGroup = 3658DC642BDA1C5700842A88;
			productRefGroup = 3658DC6E2BDA1C5700842A88 /* Products */;
			projectDirPath = "";
			projectRoot = "";
			targets = (
				3658DC6C2BDA1C5700842A88 /* Contacts-App */,
			);
		};
/* End PBXProject section */

/* Begin PBXResourcesBuildPhase section */
		3658DC6B2BDA1C5700842A88 /* Resources */ = {
			isa = PBXResourcesBuildPhase;
			buildActionMask = 2147483647;
			files = (
				3658DC802BDA1C5900842A88 /* LaunchScreen.storyboard in Resources */,
				3658DC7D2BDA1C5900842A88 /* Assets.xcassets in Resources */,
				3658DC782BDA1C5700842A88 /* Main.storyboard in Resources */,
			);
			runOnlyForDeploymentPostprocessing = 0;
		};
/* End PBXResourcesBuildPhase section */

/* Begin PBXSourcesBuildPhase section */
		3658DC692BDA1C5700842A88 /* Sources */ = {
			isa = PBXSourcesBuildPhase;
			buildActionMask = 2147483647;
			files = (
				3658DC8C2BDA2A3400842A88 /* ContactsTableViewCell.swift in Sources */,
				3658DC7B2BDA1C5700842A88 /* Contacts_App.xcdatamodeld in Sources */,
				3658DC752BDA1C5700842A88 /* AllContactsViewController.swift in Sources */,
				3658DC882BDA28C600842A88 /* AllContactsTableViewCell.swift in Sources */,
				3658DC8A2BDA294200842A88 /* AddContactsViewController.swift in Sources */,
				3658DC712BDA1C5700842A88 /* AppDelegate.swift in Sources */,
				3658DC732BDA1C5700842A88 /* SceneDelegate.swift in Sources */,
			);
			runOnlyForDeploymentPostprocessing = 0;
		};
/* End PBXSourcesBuildPhase section */

/* Begin PBXVariantGroup section */
		3658DC762BDA1C5700842A88 /* Main.storyboard */ = {
			isa = PBXVariantGroup;
			children = (
				3658DC772BDA1C5700842A88 /* Base */,
			);
			name = Main.storyboard;
			sourceTree = "<group>";
		};
		3658DC7E2BDA1C5900842A88 /* LaunchScreen.storyboard */ = {
			isa = PBXVariantGroup;
			children = (
				3658DC7F2BDA1C5900842A88 /* Base */,
			);
			name = LaunchScreen.storyboard;
			sourceTree = "<group>";
		};
/* End PBXVariantGroup section */

/* Begin XCBuildConfiguration section */
		3658DC822BDA1C5900842A88 /* Debug */ = {
			isa = XCBuildConfiguration;
			buildSettings = {
				ALWAYS_SEARCH_USER_PATHS = NO;
				CLANG_ANALYZER_NONNULL = YES;
				CLANG_ANALYZER_NUMBER_OBJECT_CONVERSION = YES_AGGRESSIVE;
				CLANG_CXX_LANGUAGE_STANDARD = "gnu++20";
				CLANG_ENABLE_MODULES = YES;
				CLANG_ENABLE_OBJC_ARC = YES;
				CLANG_ENABLE_OBJC_WEAK = YES;
				CLANG_WARN_BLOCK_CAPTURE_AUTORELEASING = YES;
				CLANG_WARN_BOOL_CONVERSION = YES;
				CLANG_WARN_COMMA = YES;
				CLANG_WARN_CONSTANT_CONVERSION = YES;
				CLANG_WARN_DEPRECATED_OBJC_IMPLEMENTATIONS = YES;
				CLANG_WARN_DIRECT_OBJC_ISA_USAGE = YES_ERROR;
				CLANG_WARN_DOCUMENTATION_COMMENTS = YES;
				CLANG_WARN_EMPTY_BODY = YES;
				CLANG_WARN_ENUM_CONVERSION = YES;
				CLANG_WARN_INFINITE_RECURSION = YES;
				CLANG_WARN_INT_CONVERSION = YES;
				CLANG_WARN_NON_LITERAL_NULL_CONVERSION = YES;
				CLANG_WARN_OBJC_IMPLICIT_RETAIN_SELF = YES;
				CLANG_WARN_OBJC_LITERAL_CONVERSION = YES;
				CLANG_WARN_OBJC_ROOT_CLASS = YES_ERROR;
				CLANG_WARN_QUOTED_INCLUDE_IN_FRAMEWORK_HEADER = YES;
				CLANG_WARN_RANGE_LOOP_ANALYSIS = YES;
				CLANG_WARN_STRICT_PROTOTYPES = YES;
				CLANG_WARN_SUSPICIOUS_MOVE = YES;
				CLANG_WARN_UNGUARDED_AVAILABILITY = YES_AGGRESSIVE;
				CLANG_WARN_UNREACHABLE_CODE = YES;
				CLANG_WARN__DUPLICATE_METHOD_MATCH = YES;
				COPY_PHASE_STRIP = NO;
				DEBUG_INFORMATION_FORMAT = dwarf;
				ENABLE_STRICT_OBJC_MSGSEND = YES;
				ENABLE_TESTABILITY = YES;
				GCC_C_LANGUAGE_STANDARD = gnu11;
				GCC_DYNAMIC_NO_PIC = NO;
				GCC_NO_COMMON_BLOCKS = YES;
				GCC_OPTIMIZATION_LEVEL = 0;
				GCC_PREPROCESSOR_DEFINITIONS = (
					"DEBUG=1",
					"$(inherited)",
				);
				GCC_WARN_64_TO_32_BIT_CONVERSION = YES;
				GCC_WARN_ABOUT_RETURN_TYPE = YES_ERROR;
				GCC_WARN_UNDECLARED_SELECTOR = YES;
				GCC_WARN_UNINITIALIZED_AUTOS = YES_AGGRESSIVE;
				GCC_WARN_UNUSED_FUNCTION = YES;
				GCC_WARN_UNUSED_VARIABLE = YES;
				IPHONEOS_DEPLOYMENT_TARGET = 16.4;
				MTL_ENABLE_DEBUG_INFO = INCLUDE_SOURCE;
				MTL_FAST_MATH = YES;
				ONLY_ACTIVE_ARCH = YES;
				SDKROOT = iphoneos;
				SWIFT_ACTIVE_COMPILATION_CONDITIONS = DEBUG;
				SWIFT_OPTIMIZATION_LEVEL = "-Onone";
			};
			name = Debug;
		};
		3658DC832BDA1C5900842A88 /* Release */ = {
			isa = XCBuildConfiguration;
			buildSettings = {
				ALWAYS_SEARCH_USER_PATHS = NO;
				CLANG_ANALYZER_NONNULL = YES;
				CLANG_ANALYZER_NUMBER_OBJECT_CONVERSION = YES_AGGRESSIVE;
				CLANG_CXX_LANGUAGE_STANDARD = "gnu++20";
				CLANG_ENABLE_MODULES = YES;
				CLANG_ENABLE_OBJC_ARC = YES;
				CLANG_ENABLE_OBJC_WEAK = YES;
				CLANG_WARN_BLOCK_CAPTURE_AUTORELEASING = YES;
				CLANG_WARN_BOOL_CONVERSION = YES;
				CLANG_WARN_COMMA = YES;
				CLANG_WARN_CONSTANT_CONVERSION = YES;
				CLANG_WARN_DEPRECATED_OBJC_IMPLEMENTATIONS = YES;
				CLANG_WARN_DIRECT_OBJC_ISA_USAGE = YES_ERROR;
				CLANG_WARN_DOCUMENTATION_COMMENTS = YES;
				CLANG_WARN_EMPTY_BODY = YES;
				CLANG_WARN_ENUM_CONVERSION = YES;
				CLANG_WARN_INFINITE_RECURSION = YES;
				CLANG_WARN_INT_CONVERSION = YES;
				CLANG_WARN_NON_LITERAL_NULL_CONVERSION = YES;
				CLANG_WARN_OBJC_IMPLICIT_RETAIN_SELF = YES;
				CLANG_WARN_OBJC_LITERAL_CONVERSION = YES;
				CLANG_WARN_OBJC_ROOT_CLASS = YES_ERROR;
				CLANG_WARN_QUOTED_INCLUDE_IN_FRAMEWORK_HEADER = YES;
				CLANG_WARN_RANGE_LOOP_ANALYSIS = YES;
				CLANG_WARN_STRICT_PROTOTYPES = YES;
				CLANG_WARN_SUSPICIOUS_MOVE = YES;
				CLANG_WARN_UNGUARDED_AVAILABILITY = YES_AGGRESSIVE;
				CLANG_WARN_UNREACHABLE_CODE = YES;
				CLANG_WARN__DUPLICATE_METHOD_MATCH = YES;
				COPY_PHASE_STRIP = NO;
				DEBUG_INFORMATION_FORMAT = "dwarf-with-dsym";
				ENABLE_NS_ASSERTIONS = NO;
				ENABLE_STRICT_OBJC_MSGSEND = YES;
				GCC_C_LANGUAGE_STANDARD = gnu11;
				GCC_NO_COMMON_BLOCKS = YES;
				GCC_WARN_64_TO_32_BIT_CONVERSION = YES;
				GCC_WARN_ABOUT_RETURN_TYPE = YES_ERROR;
				GCC_WARN_UNDECLARED_SELECTOR = YES;
				GCC_WARN_UNINITIALIZED_AUTOS = YES_AGGRESSIVE;
				GCC_WARN_UNUSED_FUNCTION = YES;
				GCC_WARN_UNUSED_VARIABLE = YES;
				IPHONEOS_DEPLOYMENT_TARGET = 16.4;
				MTL_ENABLE_DEBUG_INFO = NO;
				MTL_FAST_MATH = YES;
				SDKROOT = iphoneos;
				SWIFT_COMPILATION_MODE = wholemodule;
				SWIFT_OPTIMIZATION_LEVEL = "-O";
				VALIDATE_PRODUCT = YES;
			};
			name = Release;
		};
		3658DC852BDA1C5900842A88 /* Debug */ = {
			isa = XCBuildConfiguration;
			buildSettings = {
				ASSETCATALOG_COMPILER_APPICON_NAME = AppIcon;
				ASSETCATALOG_COMPILER_GLOBAL_ACCENT_COLOR_NAME = AccentColor;
				CODE_SIGN_STYLE = Automatic;
				CURRENT_PROJECT_VERSION = 1;
				DEVELOPMENT_TEAM = LRAYHCZPKF;
				GENERATE_INFOPLIST_FILE = YES;
				INFOPLIST_FILE = "Contacts-App/Info.plist";
				INFOPLIST_KEY_UIApplicationSupportsIndirectInputEvents = YES;
				INFOPLIST_KEY_UILaunchStoryboardName = LaunchScreen;
				INFOPLIST_KEY_UIMainStoryboardFile = Main;
				INFOPLIST_KEY_UISupportedInterfaceOrientations_iPad = "UIInterfaceOrientationPortrait UIInterfaceOrientationPortraitUpsideDown UIInterfaceOrientationLandscapeLeft UIInterfaceOrientationLandscapeRight";
				INFOPLIST_KEY_UISupportedInterfaceOrientations_iPhone = "UIInterfaceOrientationPortrait UIInterfaceOrientationLandscapeLeft UIInterfaceOrientationLandscapeRight";
				LD_RUNPATH_SEARCH_PATHS = (
					"$(inherited)",
					"@executable_path/Frameworks",
				);
				MARKETING_VERSION = 1.0;
				PRODUCT_BUNDLE_IDENTIFIER = "com.supraja.Contacts-App";
				PRODUCT_NAME = "$(TARGET_NAME)";
				SWIFT_EMIT_LOC_STRINGS = YES;
				SWIFT_VERSION = 5.0;
				TARGETED_DEVICE_FAMILY = "1,2";
			};
			name = Debug;
		};
		3658DC862BDA1C5900842A88 /* Release */ = {
			isa = XCBuildConfiguration;
			buildSettings = {
				ASSETCATALOG_COMPILER_APPICON_NAME = AppIcon;
				ASSETCATALOG_COMPILER_GLOBAL_ACCENT_COLOR_NAME = AccentColor;
				CODE_SIGN_STYLE = Automatic;
				CURRENT_PROJECT_VERSION = 1;
				DEVELOPMENT_TEAM = LRAYHCZPKF;
				GENERATE_INFOPLIST_FILE = YES;
				INFOPLIST_FILE = "Contacts-App/Info.plist";
				INFOPLIST_KEY_UIApplicationSupportsIndirectInputEvents = YES;
				INFOPLIST_KEY_UILaunchStoryboardName = LaunchScreen;
				INFOPLIST_KEY_UIMainStoryboardFile = Main;
				INFOPLIST_KEY_UISupportedInterfaceOrientations_iPad = "UIInterfaceOrientationPortrait UIInterfaceOrientationPortraitUpsideDown UIInterfaceOrientationLandscapeLeft UIInterfaceOrientationLandscapeRight";
				INFOPLIST_KEY_UISupportedInterfaceOrientations_iPhone = "UIInterfaceOrientationPortrait UIInterfaceOrientationLandscapeLeft UIInterfaceOrientationLandscapeRight";
				LD_RUNPATH_SEARCH_PATHS = (
					"$(inherited)",
					"@executable_path/Frameworks",
				);
				MARKETING_VERSION = 1.0;
				PRODUCT_BUNDLE_IDENTIFIER = "com.supraja.Contacts-App";
				PRODUCT_NAME = "$(TARGET_NAME)";
				SWIFT_EMIT_LOC_STRINGS = YES;
				SWIFT_VERSION = 5.0;
				TARGETED_DEVICE_FAMILY = "1,2";
			};
			name = Release;
		};
/* End XCBuildConfiguration section */

/* Begin XCConfigurationList section */
		3658DC682BDA1C5700842A88 /* Build configuration list for PBXProject "Contacts-App" */ = {
			isa = XCConfigurationList;
			buildConfigurations = (
				3658DC822BDA1C5900842A88 /* Debug */,
				3658DC832BDA1C5900842A88 /* Release */,
			);
			defaultConfigurationIsVisible = 0;
			defaultConfigurationName = Release;
		};
		3658DC842BDA1C5900842A88 /* Build configuration list for PBXNativeTarget "Contacts-App" */ = {
			isa = XCConfigurationList;
			buildConfigurations = (
				3658DC852BDA1C5900842A88 /* Debug */,
				3658DC862BDA1C5900842A88 /* Release */,
			);
			defaultConfigurationIsVisible = 0;
			defaultConfigurationName = Release;
		};
/* End XCConfigurationList section */

/* Begin XCVersionGroup section */
		3658DC792BDA1C5700842A88 /* Contacts_App.xcdatamodeld */ = {
			isa = XCVersionGroup;
			children = (
				3658DC7A2BDA1C5700842A88 /* Contacts_App.xcdatamodel */,
			);
			currentVersion = 3658DC7A2BDA1C5700842A88 /* Contacts_App.xcdatamodel */;
			path = Contacts_App.xcdatamodeld;
			sourceTree = "<group>";
			versionGroupType = wrapper.xcdatamodel;
		};
/* End XCVersionGroup section */
	};
	rootObject = 3658DC652BDA1C5700842A88 /* Project object */;
}
